
Microsoft Visual Studio Solution File, Format Version 12.00
# Visual Studio 15
Project("{FAE04EC0-301F-11D3-BF4B-00C04F79EFBC}") = "SerialCommunication", "SerialCommunication.csproj", "{7A880015-437C-3DE4-6CDB-75F27984099C}"
EndProject
Global
	GlobalSection(SolutionConfigurationPlatforms) = preSolution
		Debug|Any CPU = Debug|Any CPU
		Release|Any CPU = Release|Any CPU
	EndGlobalSection
	GlobalSection(ProjectConfigurationPlatforms) = postSolution
		{7A880015-437C-3DE4-6CDB-75F27984099C}.Debug|Any CPU.ActiveCfg = Debug|Any CPU
		{7A880015-437C-3DE4-6CDB-75F27984099C}.Debug|Any CPU.Build.0 = Debug|Any CPU
		{7A880015-437C-3DE4-6CDB-75F27984099C}.Release|Any CPU.ActiveCfg = Release|Any CPU
		{7A880015-437C-3DE4-6CDB-75F27984099C}.Release|Any CPU.Build.0 = Release|Any CPU
	EndGlobalSection
	GlobalSection(SolutionProperties) = preSolution
		HideSolutionNode = FALSE
	EndGlobalSection
EndGlobal
